
Microsoft Visual Studio Solution File, Format Version 12.00
# Visual Studio 15
VisualStudioVersion = 15.0.28307.757
MinimumVisualStudioVersion = 10.0.40219.1
Project("{9A19103F-16F7-4668-BE54-9A1E7A4F7556}") = "Mapper.Core", "Mapper.Core\Mapper.Core.csproj", "{7892CD6F-E2FB-4BD4-8827-898AC6F3649A}"
EndProject
Project("{FAE04EC0-301F-11D3-BF4B-00C04F79EFBC}") = "Mapper.Oracle.Core", "Mapper.Oracle.Core\Mapper.Oracle.Core.csproj", "{4E262A86-79D4-4244-907A-49FDC325A34D}"
EndProject
Global
	GlobalSection(SolutionConfigurationPlatforms) = preSolution
		Debug|Any CPU = Debug|Any CPU
		Release|Any CPU = Release|Any CPU
	EndGlobalSection
	GlobalSection(ProjectConfigurationPlatforms) = postSolution
		{7892CD6F-E2FB-4BD4-8827-898AC6F3649A}.Debug|Any CPU.ActiveCfg = Debug|Any CPU
		{7892CD6F-E2FB-4BD4-8827-898AC6F3649A}.Debug|Any CPU.Build.0 = Debug|Any CPU
		{7892CD6F-E2FB-4BD4-8827-898AC6F3649A}.Release|Any CPU.ActiveCfg = Release|Any CPU
		{7892CD6F-E2FB-4BD4-8827-898AC6F3649A}.Release|Any CPU.Build.0 = Release|Any CPU
		{4E262A86-79D4-4244-907A-49FDC325A34D}.Debug|Any CPU.ActiveCfg = Debug|Any CPU
		{4E262A86-79D4-4244-907A-49FDC325A34D}.Debug|Any CPU.Build.0 = Debug|Any CPU
		{4E262A86-79D4-4244-907A-49FDC325A34D}.Release|Any CPU.ActiveCfg = Release|Any CPU
		{4E262A86-79D4-4244-907A-49FDC325A34D}.Release|Any CPU.Build.0 = Release|Any CPU
	EndGlobalSection
	GlobalSection(SolutionProperties) = preSolution
		HideSolutionNode = FALSE
	EndGlobalSection
	GlobalSection(ExtensibilityGlobals) = postSolution
		SolutionGuid = {78CBBCA1-8D2C-461D-BFFE-3C964E273377}
	EndGlobalSection
EndGlobal
